{
	"name": "@discordjs/core",
	"version": "13.0.0-dev",
	"lockfileVersion": 1,
	"requires": true,
	"dependencies": {
		"tslib": {
			"version": "2.0.1",
			"resolved": "https://registry.npmjs.org/tslib/-/tslib-2.0.1.tgz",
			"integrity": "sha512-SgIkNheinmEBgx1IUNirK0TUD4X9yjjBRTqqjggWCU3pUEqIk3/Uwl3yRixYKT6WjQuGiwDv4NomL3wqRCj+CQ=="
		}
	}
}
